
Microsoft Visual Studio Solution File, Format Version 12.00
# Visual Studio 14
VisualStudioVersion = 14.0.25123.0
MinimumVisualStudioVersion = 10.0.40219.1
Project("{00D1A9C2-B5F0-4AF3-8072-F6C62B433612}") = "SqlServerCentral", "SqlServerCentral\SqlServerCentral.sqlproj", "{49ADBE56-F388-43EA-BA5E-CFF0406B304E}"
EndProject
Global
	GlobalSection(SolutionConfigurationPlatforms) = preSolution
		Debug|Any CPU = Debug|Any CPU
		Release|Any CPU = Release|Any CPU
	EndGlobalSection
	GlobalSection(ProjectConfigurationPlatforms) = postSolution
		{49ADBE56-F388-43EA-BA5E-CFF0406B304E}.Debug|Any CPU.ActiveCfg = Debug|Any CPU
		{49ADBE56-F388-43EA-BA5E-CFF0406B304E}.Debug|Any CPU.Build.0 = Debug|Any CPU
		{49ADBE56-F388-43EA-BA5E-CFF0406B304E}.Debug|Any CPU.Deploy.0 = Debug|Any CPU
		{49ADBE56-F388-43EA-BA5E-CFF0406B304E}.Release|Any CPU.ActiveCfg = Release|Any CPU
		{49ADBE56-F388-43EA-BA5E-CFF0406B304E}.Release|Any CPU.Build.0 = Release|Any CPU
		{49ADBE56-F388-43EA-BA5E-CFF0406B304E}.Release|Any CPU.Deploy.0 = Release|Any CPU
	EndGlobalSection
	GlobalSection(SolutionProperties) = preSolution
		HideSolutionNode = FALSE
	EndGlobalSection
EndGlobal
